
Microsoft Visual Studio Solution File, Format Version 12.00
# Visual Studio Version 16
VisualStudioVersion = 16.0.29728.190
MinimumVisualStudioVersion = 10.0.40219.1
Project("{9A19103F-16F7-4668-BE54-9A1E7A4F7556}") = "MovieDatabase.API", "MovieDatabase.API\MovieDatabase.API.csproj", "{D38D755F-850F-4624-9A04-C5CF955A8838}"
EndProject
Project("{9A19103F-16F7-4668-BE54-9A1E7A4F7556}") = "MovieDatabase.Domain", "MovieDatabase.Domain\MovieDatabase.Domain.csproj", "{351148C7-7B17-442C-9B75-E863C5671EE7}"
EndProject
Project("{00D1A9C2-B5F0-4AF3-8072-F6C62B433612}") = "MovieDatabase.DB", "MovieDatabase.DB\MovieDatabase.DB.sqlproj", "{B24A3AF5-8AE2-4BED-9007-9B6E083B020E}"
EndProject
Global
	GlobalSection(SolutionConfigurationPlatforms) = preSolution
		Debug|Any CPU = Debug|Any CPU
		Release|Any CPU = Release|Any CPU
	EndGlobalSection
	GlobalSection(ProjectConfigurationPlatforms) = postSolution
		{D38D755F-850F-4624-9A04-C5CF955A8838}.Debug|Any CPU.ActiveCfg = Debug|Any CPU
		{D38D755F-850F-4624-9A04-C5CF955A8838}.Debug|Any CPU.Build.0 = Debug|Any CPU
		{D38D755F-850F-4624-9A04-C5CF955A8838}.Release|Any CPU.ActiveCfg = Release|Any CPU
		{D38D755F-850F-4624-9A04-C5CF955A8838}.Release|Any CPU.Build.0 = Release|Any CPU
		{351148C7-7B17-442C-9B75-E863C5671EE7}.Debug|Any CPU.ActiveCfg = Debug|Any CPU
		{351148C7-7B17-442C-9B75-E863C5671EE7}.Debug|Any CPU.Build.0 = Debug|Any CPU
		{351148C7-7B17-442C-9B75-E863C5671EE7}.Release|Any CPU.ActiveCfg = Release|Any CPU
		{351148C7-7B17-442C-9B75-E863C5671EE7}.Release|Any CPU.Build.0 = Release|Any CPU
		{B24A3AF5-8AE2-4BED-9007-9B6E083B020E}.Debug|Any CPU.ActiveCfg = Debug|Any CPU
		{B24A3AF5-8AE2-4BED-9007-9B6E083B020E}.Debug|Any CPU.Build.0 = Debug|Any CPU
		{B24A3AF5-8AE2-4BED-9007-9B6E083B020E}.Debug|Any CPU.Deploy.0 = Debug|Any CPU
		{B24A3AF5-8AE2-4BED-9007-9B6E083B020E}.Release|Any CPU.ActiveCfg = Release|Any CPU
		{B24A3AF5-8AE2-4BED-9007-9B6E083B020E}.Release|Any CPU.Build.0 = Release|Any CPU
		{B24A3AF5-8AE2-4BED-9007-9B6E083B020E}.Release|Any CPU.Deploy.0 = Release|Any CPU
	EndGlobalSection
	GlobalSection(SolutionProperties) = preSolution
		HideSolutionNode = FALSE
	EndGlobalSection
	GlobalSection(ExtensibilityGlobals) = postSolution
		SolutionGuid = {CF0B655E-50B1-4878-8661-FF0A0CA24E6E}
	EndGlobalSection
EndGlobal
